
Microsoft Visual Studio Solution File, Format Version 12.00
# Visual Studio Version 17
VisualStudioVersion = 17.13.35825.156 d17.13
MinimumVisualStudioVersion = 10.0.40219.1
Project("{FAE04EC0-301F-11D3-BF4B-00C04F79EFBC}") = "RegistroBoletos.API", "RegistroBoletos.API\RegistroBoletos.API.csproj", "{D5C0980D-CBAC-447F-B058-9D59CAC7E44C}"
EndProject
Project("{FAE04EC0-301F-11D3-BF4B-00C04F79EFBC}") = "RegistroBoletos.Application", "RegistroBoletos.Application\RegistroBoletos.Application.csproj", "{4AC5C147-E01A-4D4E-8E34-FC7456483B6F}"
EndProject
Project("{FAE04EC0-301F-11D3-BF4B-00C04F79EFBC}") = "RegistroBoletos.Domain", "RegistroBoletos.Domain\RegistroBoletos.Domain.csproj", "{502FC376-CD57-47D4-8920-ED823F816236}"
EndProject
Project("{FAE04EC0-301F-11D3-BF4B-00C04F79EFBC}") = "RegistroBoletos.Infrastructure", "RegistroBoletos.Infrastructure\RegistroBoletos.Infrastructure.csproj", "{E201ACCE-9A94-4412-B81A-72266593816B}"
EndProject
Project("{FAE04EC0-301F-11D3-BF4B-00C04F79EFBC}") = "RegistroBoletos.Tests", "RegistroBoletos.Tests\RegistroBoletos.Tests.csproj", "{E791ED86-48F3-4F4B-968F-8CA0BE996076}"
EndProject
Global
	GlobalSection(SolutionConfigurationPlatforms) = preSolution
		Debug|Any CPU = Debug|Any CPU
		Release|Any CPU = Release|Any CPU
	EndGlobalSection
	GlobalSection(ProjectConfigurationPlatforms) = postSolution
		{D5C0980D-CBAC-447F-B058-9D59CAC7E44C}.Debug|Any CPU.ActiveCfg = Debug|Any CPU
		{D5C0980D-CBAC-447F-B058-9D59CAC7E44C}.Debug|Any CPU.Build.0 = Debug|Any CPU
		{D5C0980D-CBAC-447F-B058-9D59CAC7E44C}.Release|Any CPU.ActiveCfg = Release|Any CPU
		{D5C0980D-CBAC-447F-B058-9D59CAC7E44C}.Release|Any CPU.Build.0 = Release|Any CPU
		{4AC5C147-E01A-4D4E-8E34-FC7456483B6F}.Debug|Any CPU.ActiveCfg = Debug|Any CPU
		{4AC5C147-E01A-4D4E-8E34-FC7456483B6F}.Debug|Any CPU.Build.0 = Debug|Any CPU
		{4AC5C147-E01A-4D4E-8E34-FC7456483B6F}.Release|Any CPU.ActiveCfg = Release|Any CPU
		{4AC5C147-E01A-4D4E-8E34-FC7456483B6F}.Release|Any CPU.Build.0 = Release|Any CPU
		{502FC376-CD57-47D4-8920-ED823F816236}.Debug|Any CPU.ActiveCfg = Debug|Any CPU
		{502FC376-CD57-47D4-8920-ED823F816236}.Debug|Any CPU.Build.0 = Debug|Any CPU
		{502FC376-CD57-47D4-8920-ED823F816236}.Release|Any CPU.ActiveCfg = Release|Any CPU
		{502FC376-CD57-47D4-8920-ED823F816236}.Release|Any CPU.Build.0 = Release|Any CPU
		{E201ACCE-9A94-4412-B81A-72266593816B}.Debug|Any CPU.ActiveCfg = Debug|Any CPU
		{E201ACCE-9A94-4412-B81A-72266593816B}.Debug|Any CPU.Build.0 = Debug|Any CPU
		{E201ACCE-9A94-4412-B81A-72266593816B}.Release|Any CPU.ActiveCfg = Release|Any CPU
		{E201ACCE-9A94-4412-B81A-72266593816B}.Release|Any CPU.Build.0 = Release|Any CPU
		{E791ED86-48F3-4F4B-968F-8CA0BE996076}.Debug|Any CPU.ActiveCfg = Debug|Any CPU
		{E791ED86-48F3-4F4B-968F-8CA0BE996076}.Debug|Any CPU.Build.0 = Debug|Any CPU
		{E791ED86-48F3-4F4B-968F-8CA0BE996076}.Release|Any CPU.ActiveCfg = Release|Any CPU
		{E791ED86-48F3-4F4B-968F-8CA0BE996076}.Release|Any CPU.Build.0 = Release|Any CPU
	EndGlobalSection
	GlobalSection(SolutionProperties) = preSolution
		HideSolutionNode = FALSE
	EndGlobalSection
	GlobalSection(ExtensibilityGlobals) = postSolution
		SolutionGuid = {6C345CCA-7FC0-4AA3-A083-9166D5B7B19A}
	EndGlobalSection
EndGlobal
